# This file was autogenerated by uv via the following command:
#    uv pip compile --universal --generate-hashes --python-version 3.11 --output-file requirements-dev.lock requirements-dev.in
altgraph==0.17.5 \
    --hash=sha256:c87b395dd12fabde9c99573a9749d67da8d29ef9de0125c7f536699b4a9bc9e7 \
    --hash=sha256:f3a22400bce1b0c701683820ac4f3b159cd301acab067c51c653e06961600597
    # via
    #   macholib
    #   pyinstaller
colorama==0.4.6 ; sys_platform == 'win32' \
    --hash=sha256:08695f5cb7ed6e0531a20572697297273c47b8cae5a63ffc6d6ed5c201be6e44 \
    --hash=sha256:4f1d9991f5acc0ca119f9d443620b77f9d6b33703e51011c16baf57afb285fc6
    # via pytest
greenlet==3.5.4 \
    --hash=sha256:0232ae1de90a8e07867bb127d7a6ba2301e859145489f25cda8a6096dabe1d20 \
    --hash=sha256:07bd44616608d873d06735b63ef1a88191d6ca57c8d291d6559c71bc14c0893c \
    --hash=sha256:08fc36de8442d5c3e95b044550dbea9bf144d31ec0cc58e36fb241cb6ef6a994 \
    --hash=sha256:0fa53040b78b578120eecdc0265e3f1051487cc425d11a2b7c761daadf4feaa8 \
    --hash=sha256:123aa379c962ed5fe90a880327e0c3066124ac64ec99e12a238be9fd8eb3db3d \
    --hash=sha256:12cda9122e03341f1cb6b8207a19d7a9d375e52f1b4e9243918375f40fd7b4b9 \
    --hash=sha256:13b980043cb1b3134e81ea469da1250ddcc6bfe6d245bbaa59168d9cdc8f228f \
    --hash=sha256:178111881dd7a6c946471fda85485ec796e1043c2b939f694b096e2ecf986809 \
    --hash=sha256:1833637f17d5e7472548a48575c394fe39f1b1890d676d162d86593610f44d8c \
    --hash=sha256:188e4d142f243051d92a1f5c244a741da02dddc070a0620c842804d7b56d008c \
    --hash=sha256:1e1a4a684b16c45ba324e60b32a4386a87722bcb815d2a149d2182f9b401ca72 \
    --hash=sha256:1f17e362d78e37559e0506c5a7d066bdd45073c36a0127a543e8a0df27242ff3 \
    --hash=sha256:24e61b88cb7e1b1d794b32a10cc346ac779681d6d74ff137a3e0a444d2bf1f02 \
    --hash=sha256:27d3f00718634d4520a3a150154ac5da36f257869d41321953375b90bfbbc72c \
    --hash=sha256:2a924f15d17957e252a810acefcb5942f5ca712298e8b6fcaed9a307d357522c \
    --hash=sha256:2cdaadc3d31445a8f782bde3cd37e49a2c2a9c6da6daf76a3e34c683b271a3c7 \
    --hash=sha256:2ffbc533e0eaf8e80d8471411646ab88fe58f641d508c0b02b24494479f4d9ec \
    --hash=sha256:305f69e6c4523d7f6979ed001cff4e5853c063e5da04880296603aa0227e544c \
    --hash=sha256:32802705c2c1ff25e8237b3bdacf2594fa02be80af8a66703eb7853ea7e68686 \
    --hash=sha256:3529a8a933582ad19e224792cac7372489526576b75b4c124e8e4f29948f4861 \
    --hash=sha256:39169a11d87a6a263afda3e9a27d1df16d0f919d40a4837cc73986c9884c0dd8 \
    --hash=sha256:394de08dad5ffcb1f50c2159d93e398d9d2da3ed437645eaa54771fa720db9f0 \
    --hash=sha256:3d66250e8b09f182ede05490998c818b5961f7a3640332d44c4927caec7bbfe4 \
    --hash=sha256:3ef964f56dfcb6f9bbef2a190d9126795eac408716aeae47b5e7c73c32aafca9 \
    --hash=sha256:41ddab54e4b238f4a6c323f39b4e59e176affd5a94d461a9fb7583dac74240a3 \
    --hash=sha256:42afdc1ab5f66da8c586c32af9224a74a706b4f0ea0dc3a4188a0860a09c65c9 \
    --hash=sha256:4ab9f0704bccf6d3b38e0d2130b7b33271cff11453690da074fa280c3aa8e8e7 \
    --hash=sha256:57aa201b351f7c7c75627c60d29e4d5b97a07d37efeb62b903466fca42c097d7 \
    --hash=sha256:58023945f421093de5e6fa108c0985a8659d43f49e0216da25099369a121bcbd \
    --hash=sha256:60149df8f462d1b230038e6590c23c3b4768bb5d6c022b3b6e82532b34b0b8a3 \
    --hash=sha256:60e0bc961d367df506660e9ac0177a76bc6d81305300704b0977d1634f76efe2 \
    --hash=sha256:69173331fbc5d64bfac0065d7e22c39cfcd089e9b18d125bdcd5079363b09616 \
    --hash=sha256:70bdfacdc183dac838b2a0aaff2dd6134a457c52fe68a9c6bbab435483d2b9df \
    --hash=sha256:73b37afe369021423ea53dd3123e04bffa7e93ac64429b9f50835b2e4fcae7cf \
    --hash=sha256:77d6ce04fed0d9aeed42e0f37923cc43eba9b027bdd9c34546bb4ccd143d0fe0 \
    --hash=sha256:791fdfeeb9c6e0c7b10fa151bf110d2a6974866f13dcb5b1c7efae698245893a \
    --hash=sha256:7c1303791d603080cac6fc3b34df51c3b75b723739c282c8029e48a0d241672f \
    --hash=sha256:7e8afa5eac028f8140ceafe5ceec66e6aa127ddcb21452d2a564dcd2900b5f22 \
    --hash=sha256:870d730fec833f5a06906a32596cc099b9161594642a92a520b7a88911c95356 \
    --hash=sha256:89f3738167bab8c1084b94e23023d41d247117ac149fa0fbcb5bd4cf6262b353 \
    --hash=sha256:91c26423753b92caf41ab3f98fd547d7374d4d9fc2d85be041886c1579d9255e \
    --hash=sha256:9667862a2e38ad379f11b845daeda22c8989186def44f06962c9c4c05e556da7 \
    --hash=sha256:99e8f8c4ebc4fd80aa26c1280ae9ad43a0976e786349703a181cf0bae60413e5 \
    --hash=sha256:9c53ff01a5c53a40f2c16820ebc56d7c61a77f5fbe009dadd96292d5682f80f8 \
    --hash=sha256:9f1467de1bb767f75db0aa34c195e3a496d8d1278c796e70c24ce205d3e99cde \
    --hash=sha256:a2d614cb2372c7101a12ea8b96dd56f81c986d247c5a73db67063f3ed1ca4a52 \
    --hash=sha256:ac5bf81d79d2c8eeb2ef6359b2e1687a1e9ebf46c2b1f970da9a9255df51d190 \
    --hash=sha256:adf2244d7f69409925a8f22ed22cc5f93cdfe5c9dc87ff3476be2c2aaae61a05 \
    --hash=sha256:ae53534b5dec0f4c2ec26f898f538dc8ea1ca3ef2927d597a9439e40a09da937 \
    --hash=sha256:b3dabe3e2809013052c68bdf0b7fa5f5f2859c43a80803131ad61af9cabd7867 \
    --hash=sha256:b7a5f095767c4493afcd06067f2bb3b8716e3f3f9e92b99c88e7e99f885b3d4d \
    --hash=sha256:b7c895310363f310361e0fe2072af85269d2a2a285cd04c0c59e79a5e3670dcf \
    --hash=sha256:bae2728e1897aa8df8cb1af38cd48b3a743aefe29372de7b8b7a9f532501e69f \
    --hash=sha256:bd3d1145f603b2db19feb9078c2e6855eb7c67e15580c010ed815cee519b86fd \
    --hash=sha256:c38c902a0986eba1f6e7ba1ab39ad5195926abde90f3fe080e08212db62176da \
    --hash=sha256:c3fe76c2cac86b4f7a1e92865ac0a54384deb05c92986287c1a7110d9bd53071 \
    --hash=sha256:c883d61f2282d72c767a14936641b3efcbde9d82f1080712aaea0b1d3126cb88 \
    --hash=sha256:c90e930c9c192e5b3ee9fb8bcd920ea3926155e2e3ded39fc697323addecee17 \
    --hash=sha256:ca5726c0b08ca35ae873557266a78b2c3f3b2b7d7401aa5ff886c2045dd0111c \
    --hash=sha256:cbd60b5763c6543c1827e48faaf14ea9bfbad245f52b1a4d76a2a2d8884c6c66 \
    --hash=sha256:cd320d998cbaa032932830448e39abf3c6a12901295e386e8114db926e10cffb \
    --hash=sha256:cef589bc65fae02d10bca2ac341191c5b33acc2967892ebf4fcbd10eabb7a74c \
    --hash=sha256:d83ae0e32d14957ab7170785a20f582635c8474deab1bfbb552b17e769a6ce25 \
    --hash=sha256:d84d993f6e575c950d91a23c1345d18fe1a4310d447bf630849d7809196b52f0 \
    --hash=sha256:d92df08dd65fede97fc37aad36c2e9dcda3b31c467f8e0c2c096456cb818e927 \
    --hash=sha256:dc418cf4c873357964d6624445ed09472e50def990c65dd4e76fc3ba8cd9cef6 \
    --hash=sha256:dfc41ae893d9ceaf22c824f2153a88b30651b20e8758c2cd9ac143f23640563c \
    --hash=sha256:e849e6e139b9671adeac505f72fc05f4af7fd1921faef40295e214fc3b361b59 \
    --hash=sha256:e883de250e299654b1f1680f72a1a9f9ba62c9bd1bce84099c90657349a8dfbb \
    --hash=sha256:e9a5e3406e3ed8125ae1a3b37c12f3434e2b1f0fa053197c5557895b4fb09606 \
    --hash=sha256:ec5ff0d1878df6af3bf9b638a5a92a7d5693291de77c91bff10fa48519c604ef \
    --hash=sha256:ecca4d80d55a01ad6b23b33262662956149fbb7b2c6be2910f1705921958cbf3 \
    --hash=sha256:ed17e5f3420360d5b459de8462efb52060399a5326a613d4cde31cef63ef95da \
    --hash=sha256:ee032b91fd8ec29ec6c4cea2b8c561b178435134bd0752c7334b94e9c736c132 \
    --hash=sha256:f00f910f0e7b35416c63b23ad78b769aeccfc1775f712b43c4ee525624a2eef7 \
    --hash=sha256:f260930bbbbcf9caee661211235a5111c86dfe5832fdf6ae4570da1e0995320f \
    --hash=sha256:f680e549edb3eaf21eea4e7fe101e15ec180c74b7879ab46adc080f22d4015d2 \
    --hash=sha256:f88193799d43dbf8c8a806d6405c9c52fe2af40bf75072a606357b33cc336c7f \
    --hash=sha256:f908898d6fa484ce4b6f447ce70ea99b52c503fee419e53cf74d60a16bc9e667
    # via playwright
iniconfig==2.3.0 \
    --hash=sha256:c76315c77db068650d49c5b56314774a7804df16fee4402c1f19d6d15d8c4730 \
    --hash=sha256:f631c04d2c48c52b84d0d0549c99ff3859c98df65b3101406327ecc7d53fbf12
    # via pytest
macholib==1.16.4 ; sys_platform == 'darwin' \
    --hash=sha256:da1a3fa8266e30f0ce7e97c6a54eefaae8edd1e5f86f3eb8b95457cae90265ea \
    --hash=sha256:f408c93ab2e995cd2c46e34fe328b130404be143469e41bc366c807448979362
    # via pyinstaller
packaging==26.2 \
    --hash=sha256:5fc45236b9446107ff2415ce77c807cee2862cb6fac22b8a73826d0693b0980e \
    --hash=sha256:ff452ff5a3e828ce110190feff1178bb1f2ea2281fa2075aadb987c2fb221661
    # via
    #   pyinstaller
    #   pyinstaller-hooks-contrib
    #   pytest
pefile==2024.8.26 ; sys_platform == 'win32' \
    --hash=sha256:3ff6c5d8b43e8c37bb6e6dd5085658d658a7a0bdcd20b6a07b1fcfc1c4e9d632 \
    --hash=sha256:76f8b485dcd3b1bb8166f1128d395fa3d87af26360c2358fb75b80019b957c6f
    # via pyinstaller
playwright==1.61.0 \
    --hash=sha256:009588c2a7e499bc5a8b425b61fa65490968bbda9cd69e0cf2cff10f8304659a \
    --hash=sha256:35c6cc4589a5d00964a59d7b3e59641e0aac0c02f15479a7af77d20f6bc79597 \
    --hash=sha256:372d55a6f1248fa1dd47599686980cb8fb5bbe6fcda59eab793eb657c11d8a9b \
    --hash=sha256:54f3b39f6eab832e33458c1dd7da0b5682aedab3b09ae731b5c59fa12fd2024e \
    --hash=sha256:93454322ade8c11d5d6c211bfd91bdfb9ffb4810e3e026371bcbc4bec1b7ee4c \
    --hash=sha256:9f7de4536088d12037c13a52b7ea34b59270b78926bb56935070597ffac6b1af \
    --hash=sha256:e9fcbffcf557a8620fdedd92491eb59a32d18e23d6f3b4f6214b952be324fe51 \
    --hash=sha256:ff138c3a604f69911e9d42fd036e55c2a171e5616edf04c1e7f60a2a285540b0
    # via -r requirements-dev.in
pluggy==1.6.0 \
    --hash=sha256:7dcc130b76258d33b90f61b658791dede3486c3e6bfb003ee5c9bfb396dd22f3 \
    --hash=sha256:e920276dd6813095e9377c0bc5566d94c932c33b27a3e3945d8389c374dd4746
    # via pytest
pyee==13.0.1 \
    --hash=sha256:0b931f7c14535667ed4c7e0d531716368715e860b988770fc7eb8578d1f67fc8 \
    --hash=sha256:af2f8fede4171ef667dfded53f96e2ed0d6e6bd7ee3bb46437f77e3b57689228
    # via playwright
pygments==2.20.0 \
    --hash=sha256:6757cd03768053ff99f3039c1a36d6c0aa0b263438fcab17520b30a303a82b5f \
    --hash=sha256:81a9e26dd42fd28a23a2d169d86d7ac03b46e2f8b59ed4698fb4785f946d0176
    # via pytest
pyinstaller==6.21.0 \
    --hash=sha256:327d132389f37912609e01be62810cf96b5aa95b613903e4b8692e0d12fb0eda \
    --hash=sha256:42395ec76df8e8120c36b13339d9db8cab83e316a12839ee303cc00fc941bb74 \
    --hash=sha256:4e3108b3f02384560da70e39b8bf22b0ad597d02bd68a40d76ea91c1cfa00cad \
    --hash=sha256:5fa56746c1e76f93634d018502301378a2d0c382553d37d8c3c34ff436c12dd1 \
    --hash=sha256:605169523a6b5ace39f13dfbff21add9f2bc43df99c7daf9394fefb2c45e8b6f \
    --hash=sha256:697532279f535ad572bda613db4f821540e235c7854ca6da4d3bf0373f4415ee \
    --hash=sha256:6b6374d652107dd4a2eeece903ff82bb4045bb5e1006c5a158a6dcdbefe84bf2 \
    --hash=sha256:7071d4b094d5b40deeef5fa3d3b98a1b846087f7562b49209663d5f9281fe251 \
    --hash=sha256:7fae06c494ce0ebfe6bd3055c0e409def884f63af2e3705d06bd431ad9237fc7 \
    --hash=sha256:bb9fab705983e393a2d1cac77d6972513057ad800215fd861dc15ff5272e98fd \
    --hash=sha256:c6b28d30d8fd99ce162ff3aab5013ed44dbfb747566b1f01b9bed7964d7c14e9 \
    --hash=sha256:f13c95c9c03fb567217135919f93815c305813126780b0ed6e0123cb8acaf025
    # via -r requirements-dev.in
pyinstaller-hooks-contrib==2026.6 \
    --hash=sha256:bef5002c32f4f50bd55b005da12cff64eca8783e7eaf86a06a62410164bab725 \
    --hash=sha256:fd13b8ac126b35361175edacd41a0d97080b75dd5f4b594ecefefff969509dd3
    # via pyinstaller
pyqt6==6.11.0 \
    --hash=sha256:0734959955adde095af9a074213a7f73386d1bbbddfc27346b4c0621641a692e \
    --hash=sha256:45dd60aa69976de1918b5ced6b4e7b6a25abd2a919ecef5fd5826ecc76718889 \
    --hash=sha256:8555277989fa7d114cb3c3443fd261d566909f7268ceedd41d93a5f02d37ec05 \
    --hash=sha256:b6324e3501b19b4292c7a55b1f22e82d3e80e519e383ce4fe79b4a754c6f0288 \
    --hash=sha256:bd11b459c54dca068e988a42cf838303334f0d441b9d16d92ae6719fcb5ac6ba \
    --hash=sha256:f7100bc7f72b12581ec479a733f4ad11b8002668e6786e8a445ab6f4d1c743d4
    # via -r requirements.in
pyqt6-qt6==6.11.1 \
    --hash=sha256:039b1ab619d63d06a87cacf84b581a2b61a30c9ad5bb677553e738afe4dc433a \
    --hash=sha256:120efbedf833e5bbbc3d64ebdb139b44ff34e60f34410c7b1c2c26d230380bda \
    --hash=sha256:254af349e0ef4b2fa581f86ee9d65eb797bb1d4f0c01ae5ceaa7b2446b458be9 \
    --hash=sha256:694486f18b7ab9b1edcdb50e0c9f5cb726e096107da90ae7b0e810f18e2002b3 \
    --hash=sha256:7486c80512e823f2d3087e67f854f0556b345f4368040a853c8dc4d30fd3fe69 \
    --hash=sha256:fd05b31a3c83111b6eb82bb472ccfe531ef823f70d085b82fd1edc5ad2553c54
    # via pyqt6
pyqt6-sip==13.11.1 \
    --hash=sha256:0c6d097aae7df312519e2b36e001bd796f6a2ce060ab8b9ed793daa8f407fe2e \
    --hash=sha256:0df15849946cea969d3ff2b24b76149262b6044aea2c5403e4f70c24c973a4c8 \
    --hash=sha256:0ee652b272373c4f9287625ef32ad4ec1f0755c24928dc958a870b7a928b288c \
    --hash=sha256:1d1c67179c1924b28e3d7f04585639e7a7c0946f62390efc6ccf2a6206e595d3 \
    --hash=sha256:353d613129316e9f7eda6bbe821deb7b7ffa14483499189171fd8a246873f9ac \
    --hash=sha256:3af7a49dce4c35c5464309232c81cc1da5ec6074f46d2957831ee4031b8eefa6 \
    --hash=sha256:42b62530a9b6a9c6e29c2941b8ab78258652da0aeae4eb1fc9a0631d19a7a7b2 \
    --hash=sha256:581e287bf42587593b88b30d9db06ed0fccbf40f345a5bd3ec3f00a5692e2430 \
    --hash=sha256:6aa6c15ad3a9bb86e69119baff77b4ac17c47e55ee567abff616a4652051a6cc \
    --hash=sha256:7677fa1d0e3f933838e5dd8e03ebd6cd4dfc994c9e9b24e8aabd1b3ccecb2430 \
    --hash=sha256:7a1b08421967e68a821d3ea97fcdc8413671aec817a0dc46b844ab4bb2ebab66 \
    --hash=sha256:869c5b48afe38e55b1ee0dd72182b0886e968cc509b98023ff50010b013ce1be \
    --hash=sha256:98db8ed37cf08130e1ee74b8ff47a6bfb8c3cdfe826310597a630a50e47feedc \
    --hash=sha256:a2456a8a68de43f400ffd13f7f8728713434ded374e45fa7754afb9e087b2421 \
    --hash=sha256:a72f4ebdab16a8a484019ff593de90d8013d3286b678c6ba1c0bdb117f4fcb13 \
    --hash=sha256:b68e442efc4275651bf63f2c43713e242924fd948909e31cf8f20d783ca505e9 \
    --hash=sha256:ba9d362dd1e54b43bc2594f8841e1e39d24789716d28f08e5c9282af9fca342c \
    --hash=sha256:c0ec2128c174db352bec1c8d23a437e970e8d5a78ac50315d8dfc671fcf7a7da \
    --hash=sha256:c52b2b27fc77d9447a8dc1c6de1aaccc22d41e48697aafb2f2f20b8984bb02a5 \
    --hash=sha256:ca24bfd4d5d8274e338433df9ac41930650088c00018d3313c6bd8de21772a02 \
    --hash=sha256:cb931c1af45294bbe8039c5cfda184e3023f5dc766fc884964010eedd8fd85db \
    --hash=sha256:d83543125fe9fdb153e7e446c3b4d056d80ab5953644660633ab3f80e7784194 \
    --hash=sha256:dd8be768799be1a29857ea0125b1d365021a8a014c1d746f0df6b7ba0400edef \
    --hash=sha256:f532144c43f2fddcccf2e25df50cdb4a744edb4ce4ba5ed2d0f2cef825197f2f \
    --hash=sha256:fcadd68e09ee24cdda8f8bfcba52e59c9b297055d2c450f0eb89afa61a8dc31a
    # via pyqt6
pytest==9.1.1 \
    --hash=sha256:1088fbde8f2b49d95a549a195707afa7a76a3ce9bcadc26b6d71f0ffda5fe313 \
    --hash=sha256:37a86b45efb9a47a61a36449063e8e18d0cab3161329fc099eb21783169c4f0c
    # via -r requirements-dev.in
pywin32-ctypes==0.2.3 ; sys_platform == 'win32' \
    --hash=sha256:8a1513379d709975552d202d942d9837758905c8d01eb82b8bcc30918929e7b8 \
    --hash=sha256:d162dc04946d704503b2edc4d55f3dba5c1d539ead017afa00142c38b9885755
    # via pyinstaller
setuptools==83.0.0 \
    --hash=sha256:025bccbbf0fa05b6192bc64ae1e7b16e001fd6d6d4d5de03c97b1c1ade523bef \
    --hash=sha256:29b23c360f22f414dc7336bb39178cc7bcbf6021ed2733cde173f09dba19abb3
    # via pyinstaller
typing-extensions==4.16.0 \
    --hash=sha256:481caa481374e813c1b176ada14e97f1f67a4539ce9cfeb3f350d78d6370c2e8 \
    --hash=sha256:dc983d19a509c94dba722ee6abd33940f7c05a89e243c47e907eb4db6f1a43e5
    # via pyee
